
Microsoft Visual Studio Solution File, Format Version 12.00
# Visual Studio Version 17
VisualStudioVersion = 17.14.37111.16 d17.14
MinimumVisualStudioVersion = 10.0.40219.1
Project("{FAE04EC0-301F-11D3-BF4B-00C04F79EFBC}") = "pw2-clase5", "pw2-clase5.csproj", "{64CEEA4F-663E-1978-CD26-92501FD6C652}"
EndProject
Global
	GlobalSection(SolutionConfigurationPlatforms) = preSolution
		Debug|Any CPU = Debug|Any CPU
		Release|Any CPU = Release|Any CPU
	EndGlobalSection
	GlobalSection(ProjectConfigurationPlatforms) = postSolution
		{64CEEA4F-663E-1978-CD26-92501FD6C652}.Debug|Any CPU.ActiveCfg = Debug|Any CPU
		{64CEEA4F-663E-1978-CD26-92501FD6C652}.Debug|Any CPU.Build.0 = Debug|Any CPU
		{64CEEA4F-663E-1978-CD26-92501FD6C652}.Release|Any CPU.ActiveCfg = Release|Any CPU
		{64CEEA4F-663E-1978-CD26-92501FD6C652}.Release|Any CPU.Build.0 = Release|Any CPU
	EndGlobalSection
	GlobalSection(SolutionProperties) = preSolution
		HideSolutionNode = FALSE
	EndGlobalSection
	GlobalSection(ExtensibilityGlobals) = postSolution
		SolutionGuid = {E8E72693-A3EB-4CFA-AB08-A231A2E63FC2}
	EndGlobalSection
EndGlobal
